
Microsoft Visual Studio Solution File, Format Version 11.00
# Visual Studio 2010
Project("{FAE04EC0-301F-11D3-BF4B-00C04F79EFBC}") = "Tapstream", "Tapstream.csproj", "{BE9785CD-E2F8-4BF3-A803-9E73336A24AE}"
EndProject
Global
	GlobalSection(SolutionConfigurationPlatforms) = preSolution
		Debug|Any CPU = Debug|Any CPU
		Release|Any CPU = Release|Any CPU
	EndGlobalSection
	GlobalSection(ProjectConfigurationPlatforms) = postSolution
		{BE9785CD-E2F8-4BF3-A803-9E73336A24AE}.Debug|Any CPU.ActiveCfg = Debug|Any CPU
		{BE9785CD-E2F8-4BF3-A803-9E73336A24AE}.Debug|Any CPU.Build.0 = Debug|Any CPU
		{BE9785CD-E2F8-4BF3-A803-9E73336A24AE}.Release|Any CPU.ActiveCfg = Release|Any CPU
		{BE9785CD-E2F8-4BF3-A803-9E73336A24AE}.Release|Any CPU.Build.0 = Release|Any CPU
	EndGlobalSection
	GlobalSection(MonoDevelopProperties) = preSolution
		StartupItem = Tapstream.csproj
		version = 1.0
	EndGlobalSection
EndGlobal
